
Microsoft Visual Studio Solution File, Format Version 12.00
# Visual Studio Version 16
VisualStudioVersion = 16.0.30114.105
MinimumVisualStudioVersion = 10.0.40219.1
Project("{9A19103F-16F7-4668-BE54-9A1E7A4F7556}") = "HeightBinaryTree", "HeightBinaryTree.csproj", "{59C68A0C-33F4-43F2-9543-DA50A505E499}"
EndProject
Project("{9A19103F-16F7-4668-BE54-9A1E7A4F7556}") = "LevelOrderTraversal", "..\LevelOrderTraversal\LevelOrderTraversal.csproj", "{4E1BFE94-7AAD-4114-AFCB-D71DFE9FA307}"
EndProject
Project("{9A19103F-16F7-4668-BE54-9A1E7A4F7556}") = "BalancedBrackets", "..\BalancedBrackets\BalancedBrackets.csproj", "{BBEBA19B-34D3-4847-9BEB-22466BE6E1C6}"
EndProject
Project("{9A19103F-16F7-4668-BE54-9A1E7A4F7556}") = "TreasureIsland", "..\TreasureIsland\TreasureIsland.csproj", "{88FE2AF3-2E9D-4CF7-95AC-AAC4DCEF1EDC}"
EndProject
Project("{FAE04EC0-301F-11D3-BF4B-00C04F79EFBC}") = "Contacts", "..\Contacts\Contacts.csproj", "{73C5BC63-2FB4-4E1B-A477-8895607C010B}"
EndProject
Global
	GlobalSection(SolutionConfigurationPlatforms) = preSolution
		Debug|Any CPU = Debug|Any CPU
		Release|Any CPU = Release|Any CPU
	EndGlobalSection
	GlobalSection(ProjectConfigurationPlatforms) = postSolution
		{59C68A0C-33F4-43F2-9543-DA50A505E499}.Debug|Any CPU.ActiveCfg = Debug|Any CPU
		{59C68A0C-33F4-43F2-9543-DA50A505E499}.Debug|Any CPU.Build.0 = Debug|Any CPU
		{59C68A0C-33F4-43F2-9543-DA50A505E499}.Release|Any CPU.ActiveCfg = Release|Any CPU
		{59C68A0C-33F4-43F2-9543-DA50A505E499}.Release|Any CPU.Build.0 = Release|Any CPU
		{4E1BFE94-7AAD-4114-AFCB-D71DFE9FA307}.Debug|Any CPU.ActiveCfg = Debug|Any CPU
		{4E1BFE94-7AAD-4114-AFCB-D71DFE9FA307}.Debug|Any CPU.Build.0 = Debug|Any CPU
		{4E1BFE94-7AAD-4114-AFCB-D71DFE9FA307}.Release|Any CPU.ActiveCfg = Release|Any CPU
		{4E1BFE94-7AAD-4114-AFCB-D71DFE9FA307}.Release|Any CPU.Build.0 = Release|Any CPU
		{BBEBA19B-34D3-4847-9BEB-22466BE6E1C6}.Debug|Any CPU.ActiveCfg = Debug|Any CPU
		{BBEBA19B-34D3-4847-9BEB-22466BE6E1C6}.Debug|Any CPU.Build.0 = Debug|Any CPU
		{BBEBA19B-34D3-4847-9BEB-22466BE6E1C6}.Release|Any CPU.ActiveCfg = Release|Any CPU
		{BBEBA19B-34D3-4847-9BEB-22466BE6E1C6}.Release|Any CPU.Build.0 = Release|Any CPU
		{88FE2AF3-2E9D-4CF7-95AC-AAC4DCEF1EDC}.Debug|Any CPU.ActiveCfg = Debug|Any CPU
		{88FE2AF3-2E9D-4CF7-95AC-AAC4DCEF1EDC}.Debug|Any CPU.Build.0 = Debug|Any CPU
		{88FE2AF3-2E9D-4CF7-95AC-AAC4DCEF1EDC}.Release|Any CPU.ActiveCfg = Release|Any CPU
		{88FE2AF3-2E9D-4CF7-95AC-AAC4DCEF1EDC}.Release|Any CPU.Build.0 = Release|Any CPU
		{73C5BC63-2FB4-4E1B-A477-8895607C010B}.Debug|Any CPU.ActiveCfg = Debug|Any CPU
		{73C5BC63-2FB4-4E1B-A477-8895607C010B}.Debug|Any CPU.Build.0 = Debug|Any CPU
		{73C5BC63-2FB4-4E1B-A477-8895607C010B}.Release|Any CPU.ActiveCfg = Release|Any CPU
		{73C5BC63-2FB4-4E1B-A477-8895607C010B}.Release|Any CPU.Build.0 = Release|Any CPU
	EndGlobalSection
	GlobalSection(SolutionProperties) = preSolution
		HideSolutionNode = FALSE
	EndGlobalSection
	GlobalSection(ExtensibilityGlobals) = postSolution
		SolutionGuid = {76321997-D263-45EB-A3F4-FA2F154D84F4}
	EndGlobalSection
EndGlobal
